<?xml version="1.0" encoding="utf-8"?>
<Project ToolsVersion="4.0" xmlns="http://schemas.microsoft.com/developer/msbuild/2003">
  <ItemGroup>
    <Filter Include="源文件">
      <UniqueIdentifier>{8960447c-7c19-4bd3-b886-a57073496218}</UniqueIdentifier>
      <Extensions>cpp;c;cxx;rc;def;r;odl;idl;hpj;bat</Extensions>
    </Filter>
    <Filter Include="头文件">
      <UniqueIdentifier>{caddb9cf-e0d4-404b-8aae-b99e2521776e}</UniqueIdentifier>
      <Extensions>h;hpp;hxx;hm;inl</Extensions>
    </Filter>
  </ItemGroup>
  <ItemGroup>
    <ClCompile Include="main.cpp">
      <Filter>源文件</Filter>
    </ClCompile>
    <ClCompile Include="Power0.cpp">
      <Filter>源文件</Filter>
    </ClCompile>
    <ClCompile Include="Power1.cpp">
      <Filter>源文件</Filter>
    </ClCompile>
    <ClCompile Include="Power2-0-I.cpp">
      <Filter>源文件</Filter>
    </ClCompile>
    <ClCompile Include="Power2-0-R.cpp">
      <Filter>源文件</Filter>
    </ClCompile>
    <ClCompile Include="Power2-1-I.cpp">
      <Filter>源文件</Filter>
    </ClCompile>
    <ClCompile Include="Power2-1-R.cpp">
      <Filter>源文件</Filter>
    </ClCompile>
  </ItemGroup>
</Project>