<?xml version="1.0" encoding="utf-8"?>
<Project ToolsVersion="4.0" xmlns="http://schemas.microsoft.com/developer/msbuild/2003">
  <ItemGroup>
    <Filter Include="源文件">
      <UniqueIdentifier>{c9a35819-4d53-4dda-8cf5-4c62c186b8e9}</UniqueIdentifier>
      <Extensions>cpp;c;cxx;rc;def;r;odl;idl;hpj;bat</Extensions>
    </Filter>
    <Filter Include="头文件">
      <UniqueIdentifier>{f0b6bddc-c47e-4b24-895e-2168281b3fc6}</UniqueIdentifier>
      <Extensions>h;hpp;hxx;hm;inl</Extensions>
    </Filter>
  </ItemGroup>
  <ItemGroup>
    <ClCompile Include="..\nest_recursive\display.cpp">
      <Filter>源文件</Filter>
    </ClCompile>
    <ClCompile Include="main.cpp">
      <Filter>源文件</Filter>
    </ClCompile>
    <ClCompile Include="nest.cpp">
      <Filter>源文件</Filter>
    </ClCompile>
    <ClCompile Include="..\UniPrint\print_basic.cpp">
      <Filter>源文件</Filter>
    </ClCompile>
  </ItemGroup>
  <ItemGroup>
    <ClInclude Include="nest.h">
      <Filter>头文件</Filter>
    </ClInclude>
  </ItemGroup>
</Project>